
Microsoft Visual Studio Solution File, Format Version 12.00
# Visual Studio Version 16
VisualStudioVersion = 16.0.30406.217
MinimumVisualStudioVersion = 10.0.40219.1
Project("{9A19103F-16F7-4668-BE54-9A1E7A4F7556}") = "EmployeeManagement.Models", "EmployeeManagement.Models\EmployeeManagement.Models.csproj", "{7DE130DD-259E-4F40-A34E-9DA980A52619}"
EndProject
Project("{9A19103F-16F7-4668-BE54-9A1E7A4F7556}") = "EmployeeManagement.Web", "EmployeeManagement.Web\EmployeeManagement.Web.csproj", "{425F57EB-AFA0-417A-9D0B-E2F1BFCC0AA6}"
EndProject
Project("{9A19103F-16F7-4668-BE54-9A1E7A4F7556}") = "EmployeeManagement.Api", "EmployeeManagement.Api\EmployeeManagement.Api.csproj", "{6D4E82FD-9224-45B6-9A12-119F02335E21}"
EndProject
Project("{FAE04EC0-301F-11D3-BF4B-00C04F79EFBC}") = "Afreet.Components", "Afreet.Components\Afreet.Components.csproj", "{37C7D3E4-0288-42EE-9F36-63E8A712DA5F}"
EndProject
Global
	GlobalSection(SolutionConfigurationPlatforms) = preSolution
		Debug|Any CPU = Debug|Any CPU
		Release|Any CPU = Release|Any CPU
	EndGlobalSection
	GlobalSection(ProjectConfigurationPlatforms) = postSolution
		{7DE130DD-259E-4F40-A34E-9DA980A52619}.Debug|Any CPU.ActiveCfg = Debug|Any CPU
		{7DE130DD-259E-4F40-A34E-9DA980A52619}.Debug|Any CPU.Build.0 = Debug|Any CPU
		{7DE130DD-259E-4F40-A34E-9DA980A52619}.Release|Any CPU.ActiveCfg = Release|Any CPU
		{7DE130DD-259E-4F40-A34E-9DA980A52619}.Release|Any CPU.Build.0 = Release|Any CPU
		{425F57EB-AFA0-417A-9D0B-E2F1BFCC0AA6}.Debug|Any CPU.ActiveCfg = Debug|Any CPU
		{425F57EB-AFA0-417A-9D0B-E2F1BFCC0AA6}.Debug|Any CPU.Build.0 = Debug|Any CPU
		{425F57EB-AFA0-417A-9D0B-E2F1BFCC0AA6}.Release|Any CPU.ActiveCfg = Release|Any CPU
		{425F57EB-AFA0-417A-9D0B-E2F1BFCC0AA6}.Release|Any CPU.Build.0 = Release|Any CPU
		{6D4E82FD-9224-45B6-9A12-119F02335E21}.Debug|Any CPU.ActiveCfg = Debug|Any CPU
		{6D4E82FD-9224-45B6-9A12-119F02335E21}.Debug|Any CPU.Build.0 = Debug|Any CPU
		{6D4E82FD-9224-45B6-9A12-119F02335E21}.Release|Any CPU.ActiveCfg = Release|Any CPU
		{6D4E82FD-9224-45B6-9A12-119F02335E21}.Release|Any CPU.Build.0 = Release|Any CPU
		{37C7D3E4-0288-42EE-9F36-63E8A712DA5F}.Debug|Any CPU.ActiveCfg = Debug|Any CPU
		{37C7D3E4-0288-42EE-9F36-63E8A712DA5F}.Debug|Any CPU.Build.0 = Debug|Any CPU
		{37C7D3E4-0288-42EE-9F36-63E8A712DA5F}.Release|Any CPU.ActiveCfg = Release|Any CPU
		{37C7D3E4-0288-42EE-9F36-63E8A712DA5F}.Release|Any CPU.Build.0 = Release|Any CPU
	EndGlobalSection
	GlobalSection(SolutionProperties) = preSolution
		HideSolutionNode = FALSE
	EndGlobalSection
	GlobalSection(ExtensibilityGlobals) = postSolution
		SolutionGuid = {72EDC509-480F-440F-8239-DB13CF576015}
	EndGlobalSection
EndGlobal
